
Microsoft Visual Studio Solution File, Format Version 12.00
# Visual Studio Version 17
VisualStudioVersion = 17.7.34031.279
MinimumVisualStudioVersion = 10.0.40219.1
Project("{FAE04EC0-301F-11D3-BF4B-00C04F79EFBC}") = "Aula240", "Aula240\Aula240.csproj", "{CCBCD9E0-9564-46B0-896D-23DDBF043E77}"
EndProject
Global
	GlobalSection(SolutionConfigurationPlatforms) = preSolution
		Debug|Any CPU = Debug|Any CPU
		Release|Any CPU = Release|Any CPU
	EndGlobalSection
	GlobalSection(ProjectConfigurationPlatforms) = postSolution
		{CCBCD9E0-9564-46B0-896D-23DDBF043E77}.Debug|Any CPU.ActiveCfg = Debug|Any CPU
		{CCBCD9E0-9564-46B0-896D-23DDBF043E77}.Debug|Any CPU.Build.0 = Debug|Any CPU
		{CCBCD9E0-9564-46B0-896D-23DDBF043E77}.Release|Any CPU.ActiveCfg = Release|Any CPU
		{CCBCD9E0-9564-46B0-896D-23DDBF043E77}.Release|Any CPU.Build.0 = Release|Any CPU
	EndGlobalSection
	GlobalSection(SolutionProperties) = preSolution
		HideSolutionNode = FALSE
	EndGlobalSection
	GlobalSection(ExtensibilityGlobals) = postSolution
		SolutionGuid = {4D2B9B09-5150-4D2B-9AB8-B6FE0F75AC8D}
	EndGlobalSection
EndGlobal
