
Microsoft Visual Studio Solution File, Format Version 12.00
# Visual Studio Version 17
VisualStudioVersion = 17.7.34031.279
MinimumVisualStudioVersion = 10.0.40219.1
Project("{FAE04EC0-301F-11D3-BF4B-00C04F79EFBC}") = "PagamentoFuncionario", "PagamentoFuncionario\PagamentoFuncionario.csproj", "{8F0FCBFC-B4C2-42CB-B2E2-CE1936CF06EB}"
EndProject
Global
	GlobalSection(SolutionConfigurationPlatforms) = preSolution
		Debug|Any CPU = Debug|Any CPU
		Release|Any CPU = Release|Any CPU
	EndGlobalSection
	GlobalSection(ProjectConfigurationPlatforms) = postSolution
		{8F0FCBFC-B4C2-42CB-B2E2-CE1936CF06EB}.Debug|Any CPU.ActiveCfg = Debug|Any CPU
		{8F0FCBFC-B4C2-42CB-B2E2-CE1936CF06EB}.Debug|Any CPU.Build.0 = Debug|Any CPU
		{8F0FCBFC-B4C2-42CB-B2E2-CE1936CF06EB}.Release|Any CPU.ActiveCfg = Release|Any CPU
		{8F0FCBFC-B4C2-42CB-B2E2-CE1936CF06EB}.Release|Any CPU.Build.0 = Release|Any CPU
	EndGlobalSection
	GlobalSection(SolutionProperties) = preSolution
		HideSolutionNode = FALSE
	EndGlobalSection
	GlobalSection(ExtensibilityGlobals) = postSolution
		SolutionGuid = {12CD9CE6-C560-4644-91A1-5D587B31DE70}
	EndGlobalSection
EndGlobal
