
Microsoft Visual Studio Solution File, Format Version 12.00
# Visual Studio Version 17
VisualStudioVersion = 17.7.34031.279
MinimumVisualStudioVersion = 10.0.40219.1
Project("{FAE04EC0-301F-11D3-BF4B-00C04F79EFBC}") = "Aula199", "Aula199\Aula199.csproj", "{5D9F45C3-8383-406A-A6C8-2E95D5D5E694}"
EndProject
Global
	GlobalSection(SolutionConfigurationPlatforms) = preSolution
		Debug|Any CPU = Debug|Any CPU
		Release|Any CPU = Release|Any CPU
	EndGlobalSection
	GlobalSection(ProjectConfigurationPlatforms) = postSolution
		{5D9F45C3-8383-406A-A6C8-2E95D5D5E694}.Debug|Any CPU.ActiveCfg = Debug|Any CPU
		{5D9F45C3-8383-406A-A6C8-2E95D5D5E694}.Debug|Any CPU.Build.0 = Debug|Any CPU
		{5D9F45C3-8383-406A-A6C8-2E95D5D5E694}.Release|Any CPU.ActiveCfg = Release|Any CPU
		{5D9F45C3-8383-406A-A6C8-2E95D5D5E694}.Release|Any CPU.Build.0 = Release|Any CPU
	EndGlobalSection
	GlobalSection(SolutionProperties) = preSolution
		HideSolutionNode = FALSE
	EndGlobalSection
	GlobalSection(ExtensibilityGlobals) = postSolution
		SolutionGuid = {5D0973E0-5CEF-4FE1-AAA6-56D92476E459}
	EndGlobalSection
EndGlobal
