
Microsoft Visual Studio Solution File, Format Version 12.00
# Visual Studio Version 17
VisualStudioVersion = 17.7.34031.279
MinimumVisualStudioVersion = 10.0.40219.1
Project("{FAE04EC0-301F-11D3-BF4B-00C04F79EFBC}") = "Aula216", "Aula216\Aula216.csproj", "{1DA2F274-5CC7-4E18-89C4-BC6B64280377}"
EndProject
Global
	GlobalSection(SolutionConfigurationPlatforms) = preSolution
		Debug|Any CPU = Debug|Any CPU
		Release|Any CPU = Release|Any CPU
	EndGlobalSection
	GlobalSection(ProjectConfigurationPlatforms) = postSolution
		{1DA2F274-5CC7-4E18-89C4-BC6B64280377}.Debug|Any CPU.ActiveCfg = Debug|Any CPU
		{1DA2F274-5CC7-4E18-89C4-BC6B64280377}.Debug|Any CPU.Build.0 = Debug|Any CPU
		{1DA2F274-5CC7-4E18-89C4-BC6B64280377}.Release|Any CPU.ActiveCfg = Release|Any CPU
		{1DA2F274-5CC7-4E18-89C4-BC6B64280377}.Release|Any CPU.Build.0 = Release|Any CPU
	EndGlobalSection
	GlobalSection(SolutionProperties) = preSolution
		HideSolutionNode = FALSE
	EndGlobalSection
	GlobalSection(ExtensibilityGlobals) = postSolution
		SolutionGuid = {C9FDECE8-4C00-41BC-A317-7FD6DF8F352A}
	EndGlobalSection
EndGlobal
