
Microsoft Visual Studio Solution File, Format Version 12.00
# Visual Studio Version 17
VisualStudioVersion = 17.7.34031.279
MinimumVisualStudioVersion = 10.0.40219.1
Project("{FAE04EC0-301F-11D3-BF4B-00C04F79EFBC}") = "Aula226", "Aula226\Aula226.csproj", "{B430230C-7466-47C6-9E9A-AFEFF3EB9D78}"
EndProject
Global
	GlobalSection(SolutionConfigurationPlatforms) = preSolution
		Debug|Any CPU = Debug|Any CPU
		Release|Any CPU = Release|Any CPU
	EndGlobalSection
	GlobalSection(ProjectConfigurationPlatforms) = postSolution
		{B430230C-7466-47C6-9E9A-AFEFF3EB9D78}.Debug|Any CPU.ActiveCfg = Debug|Any CPU
		{B430230C-7466-47C6-9E9A-AFEFF3EB9D78}.Debug|Any CPU.Build.0 = Debug|Any CPU
		{B430230C-7466-47C6-9E9A-AFEFF3EB9D78}.Release|Any CPU.ActiveCfg = Release|Any CPU
		{B430230C-7466-47C6-9E9A-AFEFF3EB9D78}.Release|Any CPU.Build.0 = Release|Any CPU
	EndGlobalSection
	GlobalSection(SolutionProperties) = preSolution
		HideSolutionNode = FALSE
	EndGlobalSection
	GlobalSection(ExtensibilityGlobals) = postSolution
		SolutionGuid = {24ED909C-E626-4D0E-BDD1-D2CD09E3A495}
	EndGlobalSection
EndGlobal
